// !$*UTF8*$!
{
	archiveVersion = 1;
	classes = {
	};
	objectVersion = 48;
	objects = {

/* Begin PBXBuildFile section */
		AB2CFC301FCDA37E00A2B89D /* AppDelegate.swift in Sources */ = {isa = PBXBuildFile; fileRef = AB2CFC2F1FCDA37E00A2B89D /* AppDelegate.swift */; };
		AB2CFC321FCDA37E00A2B89D /* ViewController.swift in Sources */ = {isa = PBXBuildFile; fileRef = AB2CFC311FCDA37E00A2B89D /* ViewController.swift */; };
		AB2CFC351FCDA37E00A2B89D /* Main.storyboard in Resources */ = {isa = PBXBuildFile; fileRef = AB2CFC331FCDA37E00A2B89D /* Main.storyboard */; };
		AB2CFC371FCDA37E00A2B89D /* Assets.xcassets in Resources */ = {isa = PBXBuildFile; fileRef = AB2CFC361FCDA37E00A2B89D /* Assets.xcassets */; };
		AB2CFC3A1FCDA37E00A2B89D /* LaunchScreen.storyboard in Resources */ = {isa = PBXBuildFile; fileRef = AB2CFC381FCDA37E00A2B89D /* LaunchScreen.storyboard */; };
		AB2CFC421FCDA57400A2B89D /* RyoMatsumoto in Resources */ = {isa = PBXBuildFile; fileRef = AB2CFC411FCDA57400A2B89D /* RyoMatsumoto */; };
		AB2CFC471FCDB2B400A2B89D /* fu in Resources */ = {isa = PBXBuildFile; fileRef = AB2CFC431FCDB2B400A2B89D /* fu */; };
		AB2CFC481FCDB2B400A2B89D /* kumatest.swift in Sources */ = {isa = PBXBuildFile; fileRef = AB2CFC441FCDB2B400A2B89D /* kumatest.swift */; };
		AB2CFC491FCDB2B400A2B89D /* ikki in Resources */ = {isa = PBXBuildFile; fileRef = AB2CFC451FCDB2B400A2B89D /* ikki */; };
		AB2CFC4A1FCDB2B400A2B89D /* Koo in Resources */ = {isa = PBXBuildFile; fileRef = AB2CFC461FCDB2B400A2B89D /* Koo */; };
/* End PBXBuildFile section */

/* Begin PBXFileReference section */
		AB2CFC2C1FCDA37E00A2B89D /* cats-eye.app */ = {isa = PBXFileReference; explicitFileType = wrapper.application; includeInIndex = 0; path = "cats-eye.app"; sourceTree = BUILT_PRODUCTS_DIR; };
		AB2CFC2F1FCDA37E00A2B89D /* AppDelegate.swift */ = {isa = PBXFileReference; lastKnownFileType = sourcecode.swift; path = AppDelegate.swift; sourceTree = "<group>"; };
		AB2CFC311FCDA37E00A2B89D /* ViewController.swift */ = {isa = PBXFileReference; lastKnownFileType = sourcecode.swift; path = ViewController.swift; sourceTree = "<group>"; };
		AB2CFC341FCDA37E00A2B89D /* Base */ = {isa = PBXFileReference; lastKnownFileType = file.storyboard; name = Base; path = Base.lproj/Main.storyboard; sourceTree = "<group>"; };
		AB2CFC361FCDA37E00A2B89D /* Assets.xcassets */ = {isa = PBXFileReference; lastKnownFileType = folder.assetcatalog; path = Assets.xcassets; sourceTree = "<group>"; };
		AB2CFC391FCDA37E00A2B89D /* Base */ = {isa = PBXFileReference; lastKnownFileType = file.storyboard; name = Base; path = Base.lproj/LaunchScreen.storyboard; sourceTree = "<group>"; };
		AB2CFC3B1FCDA37E00A2B89D /* Info.plist */ = {isa = PBXFileReference; lastKnownFileType = text.plist.xml; path = Info.plist; sourceTree = "<group>"; };
		AB2CFC411FCDA57400A2B89D /* RyoMatsumoto */ = {isa = PBXFileReference; lastKnownFileType = folder; path = RyoMatsumoto; sourceTree = "<group>"; };
		AB2CFC431FCDB2B400A2B89D /* fu */ = {isa = PBXFileReference; lastKnownFileType = folder; path = fu; sourceTree = "<group>"; };
		AB2CFC441FCDB2B400A2B89D /* kumatest.swift */ = {isa = PBXFileReference; fileEncoding = 4; lastKnownFileType = sourcecode.swift; path = kumatest.swift; sourceTree = "<group>"; };
		AB2CFC451FCDB2B400A2B89D /* ikki */ = {isa = PBXFileReference; lastKnownFileType = folder; path = ikki; sourceTree = "<group>"; };
		AB2CFC461FCDB2B400A2B89D /* Koo */ = {isa = PBXFileReference; lastKnownFileType = folder; path = Koo; sourceTree = "<group>"; };
/* End PBXFileReference section */

/* Begin PBXFrameworksBuildPhase section */
		AB2CFC291FCDA37E00A2B89D /* Frameworks */ = {
			isa = PBXFrameworksBuildPhase;
			buildActionMask = 2147483647;
			files = (
			);
			runOnlyForDeploymentPostprocessing = 0;
		};
/* End PBXFrameworksBuildPhase section */

/* Begin PBXGroup section */
		AB2CFC231FCDA37E00A2B89D = {
			isa = PBXGroup;
			children = (
				AB2CFC2E1FCDA37E00A2B89D /* cats-eye */,
				AB2CFC2D1FCDA37E00A2B89D /* Products */,
			);
			sourceTree = "<group>";
		};
		AB2CFC2D1FCDA37E00A2B89D /* Products */ = {
			isa = PBXGroup;
			children = (
				AB2CFC2C1FCDA37E00A2B89D /* cats-eye.app */,
			);
			name = Products;
			sourceTree = "<group>";
		};
		AB2CFC2E1FCDA37E00A2B89D /* cats-eye */ = {
			isa = PBXGroup;
			children = (
				AB2CFC441FCDB2B400A2B89D /* kumatest.swift */,
				AB2CFC431FCDB2B400A2B89D /* fu */,
				AB2CFC451FCDB2B400A2B89D /* ikki */,
				AB2CFC461FCDB2B400A2B89D /* Koo */,
				AB2CFC411FCDA57400A2B89D /* RyoMatsumoto */,
				AB2CFC2F1FCDA37E00A2B89D /* AppDelegate.swift */,
				AB2CFC311FCDA37E00A2B89D /* ViewController.swift */,
				AB2CFC331FCDA37E00A2B89D /* Main.storyboard */,
				AB2CFC361FCDA37E00A2B89D /* Assets.xcassets */,
				AB2CFC381FCDA37E00A2B89D /* LaunchScreen.storyboard */,
				AB2CFC3B1FCDA37E00A2B89D /* Info.plist */,
			);
			path = "cats-eye";
			sourceTree = "<group>";
		};
/* End PBXGroup section */

/* Begin PBXNativeTarget section */
		AB2CFC2B1FCDA37E00A2B89D /* cats-eye */ = {
			isa = PBXNativeTarget;
			buildConfigurationList = AB2CFC3E1FCDA37E00A2B89D /* Build configuration list for PBXNativeTarget "cats-eye" */;
			buildPhases = (
				AB2CFC281FCDA37E00A2B89D /* Sources */,
				AB2CFC291FCDA37E00A2B89D /* Frameworks */,
				AB2CFC2A1FCDA37E00A2B89D /* Resources */,
			);
			buildRules = (
			);
			dependencies = (
			);
			name = "cats-eye";
			productName = "cats-eye";
			productReference = AB2CFC2C1FCDA37E00A2B89D /* cats-eye.app */;
			productType = "com.apple.product-type.application";
		};
/* End PBXNativeTarget section */

/* Begin PBXProject section */
		AB2CFC241FCDA37E00A2B89D /* Project object */ = {
			isa = PBXProject;
			attributes = {
				LastSwiftUpdateCheck = 0910;
				LastUpgradeCheck = 0910;
				ORGANIZATIONNAME = "Univ-ryukyu";
				TargetAttributes = {
					AB2CFC2B1FCDA37E00A2B89D = {
						CreatedOnToolsVersion = 9.1;
						ProvisioningStyle = Automatic;
					};
				};
			};
			buildConfigurationList = AB2CFC271FCDA37E00A2B89D /* Build configuration list for PBXProject "cats-eye" */;
			compatibilityVersion = "Xcode 8.0";
			developmentRegion = en;
			hasScannedForEncodings = 0;
			knownRegions = (
				en,
				Base,
			);
			mainGroup = AB2CFC231FCDA37E00A2B89D;
			productRefGroup = AB2CFC2D1FCDA37E00A2B89D /* Products */;
			projectDirPath = "";
			projectRoot = "";
			targets = (
				AB2CFC2B1FCDA37E00A2B89D /* cats-eye */,
			);
		};
/* End PBXProject section */

/* Begin PBXResourcesBuildPhase section */
		AB2CFC2A1FCDA37E00A2B89D /* Resources */ = {
			isa = PBXResourcesBuildPhase;
			buildActionMask = 2147483647;
			files = (
				AB2CFC491FCDB2B400A2B89D /* ikki in Resources */,
				AB2CFC4A1FCDB2B400A2B89D /* Koo in Resources */,
				AB2CFC471FCDB2B400A2B89D /* fu in Resources */,
				AB2CFC3A1FCDA37E00A2B89D /* LaunchScreen.storyboard in Resources */,
				AB2CFC371FCDA37E00A2B89D /* Assets.xcassets in Resources */,
				AB2CFC351FCDA37E00A2B89D /* Main.storyboard in Resources */,
				AB2CFC421FCDA57400A2B89D /* RyoMatsumoto in Resources */,
			);
			runOnlyForDeploymentPostprocessing = 0;
		};
/* End PBXResourcesBuildPhase section */

/* Begin PBXSourcesBuildPhase section */
		AB2CFC281FCDA37E00A2B89D /* Sources */ = {
			isa = PBXSourcesBuildPhase;
			buildActionMask = 2147483647;
			files = (
				AB2CFC321FCDA37E00A2B89D /* ViewController.swift in Sources */,
				AB2CFC481FCDB2B400A2B89D /* kumatest.swift in Sources */,
				AB2CFC301FCDA37E00A2B89D /* AppDelegate.swift in Sources */,
			);
			runOnlyForDeploymentPostprocessing = 0;
		};
/* End PBXSourcesBuildPhase section */

/* Begin PBXVariantGroup section */
		AB2CFC331FCDA37E00A2B89D /* Main.storyboard */ = {
			isa = PBXVariantGroup;
			children = (
				AB2CFC341FCDA37E00A2B89D /* Base */,
			);
			name = Main.storyboard;
			sourceTree = "<group>";
		};
		AB2CFC381FCDA37E00A2B89D /* LaunchScreen.storyboard */ = {
			isa = PBXVariantGroup;
			children = (
				AB2CFC391FCDA37E00A2B89D /* Base */,
			);
			name = LaunchScreen.storyboard;
			sourceTree = "<group>";
		};
/* End PBXVariantGroup section */

/* Begin XCBuildConfiguration section */
		AB2CFC3C1FCDA37E00A2B89D /* Debug */ = {
			isa = XCBuildConfiguration;
			buildSettings = {
				ALWAYS_SEARCH_USER_PATHS = NO;
				CLANG_ANALYZER_NONNULL = YES;
				CLANG_ANALYZER_NUMBER_OBJECT_CONVERSION = YES_AGGRESSIVE;
				CLANG_CXX_LANGUAGE_STANDARD = "gnu++14";
				CLANG_CXX_LIBRARY = "libc++";
				CLANG_ENABLE_MODULES = YES;
				CLANG_ENABLE_OBJC_ARC = YES;
				CLANG_WARN_BLOCK_CAPTURE_AUTORELEASING = YES;
				CLANG_WARN_BOOL_CONVERSION = YES;
				CLANG_WARN_COMMA = YES;
				CLANG_WARN_CONSTANT_CONVERSION = YES;
				CLANG_WARN_DIRECT_OBJC_ISA_USAGE = YES_ERROR;
				CLANG_WARN_DOCUMENTATION_COMMENTS = YES;
				CLANG_WARN_EMPTY_BODY = YES;
				CLANG_WARN_ENUM_CONVERSION = YES;
				CLANG_WARN_INFINITE_RECURSION = YES;
				CLANG_WARN_INT_CONVERSION = YES;
				CLANG_WARN_NON_LITERAL_NULL_CONVERSION = YES;
				CLANG_WARN_OBJC_LITERAL_CONVERSION = YES;
				CLANG_WARN_OBJC_ROOT_CLASS = YES_ERROR;
				CLANG_WARN_RANGE_LOOP_ANALYSIS = YES;
				CLANG_WARN_STRICT_PROTOTYPES = YES;
				CLANG_WARN_SUSPICIOUS_MOVE = YES;
				CLANG_WARN_UNGUARDED_AVAILABILITY = YES_AGGRESSIVE;
				CLANG_WARN_UNREACHABLE_CODE = YES;
				CLANG_WARN__DUPLICATE_METHOD_MATCH = YES;
				CODE_SIGN_IDENTITY = "iPhone Developer";
				COPY_PHASE_STRIP = NO;
				DEBUG_INFORMATION_FORMAT = dwarf;
				ENABLE_STRICT_OBJC_MSGSEND = YES;
				ENABLE_TESTABILITY = YES;
				GCC_C_LANGUAGE_STANDARD = gnu11;
				GCC_DYNAMIC_NO_PIC = NO;
				GCC_NO_COMMON_BLOCKS = YES;
				GCC_OPTIMIZATION_LEVEL = 0;
				GCC_PREPROCESSOR_DEFINITIONS = (
					"DEBUG=1",
					"$(inherited)",
				);
				GCC_WARN_64_TO_32_BIT_CONVERSION = YES;
				GCC_WARN_ABOUT_RETURN_TYPE = YES_ERROR;
				GCC_WARN_UNDECLARED_SELECTOR = YES;
				GCC_WARN_UNINITIALIZED_AUTOS = YES_AGGRESSIVE;
				GCC_WARN_UNUSED_FUNCTION = YES;
				GCC_WARN_UNUSED_VARIABLE = YES;
				IPHONEOS_DEPLOYMENT_TARGET = 11.1;
				MTL_ENABLE_DEBUG_INFO = YES;
				ONLY_ACTIVE_ARCH = YES;
				SDKROOT = iphoneos;
				SWIFT_ACTIVE_COMPILATION_CONDITIONS = DEBUG;
				SWIFT_OPTIMIZATION_LEVEL = "-Onone";
			};
			name = Debug;
		};
		AB2CFC3D1FCDA37E00A2B89D /* Release */ = {
			isa = XCBuildConfiguration;
			buildSettings = {
				ALWAYS_SEARCH_USER_PATHS = NO;
				CLANG_ANALYZER_NONNULL = YES;
				CLANG_ANALYZER_NUMBER_OBJECT_CONVERSION = YES_AGGRESSIVE;
				CLANG_CXX_LANGUAGE_STANDARD = "gnu++14";
				CLANG_CXX_LIBRARY = "libc++";
				CLANG_ENABLE_MODULES = YES;
				CLANG_ENABLE_OBJC_ARC = YES;
				CLANG_WARN_BLOCK_CAPTURE_AUTORELEASING = YES;
				CLANG_WARN_BOOL_CONVERSION = YES;
				CLANG_WARN_COMMA = YES;
				CLANG_WARN_CONSTANT_CONVERSION = YES;
				CLANG_WARN_DIRECT_OBJC_ISA_USAGE = YES_ERROR;
				CLANG_WARN_DOCUMENTATION_COMMENTS = YES;
				CLANG_WARN_EMPTY_BODY = YES;
				CLANG_WARN_ENUM_CONVERSION = YES;
				CLANG_WARN_INFINITE_RECURSION = YES;
				CLANG_WARN_INT_CONVERSION = YES;
				CLANG_WARN_NON_LITERAL_NULL_CONVERSION = YES;
				CLANG_WARN_OBJC_LITERAL_CONVERSION = YES;
				CLANG_WARN_OBJC_ROOT_CLASS = YES_ERROR;
				CLANG_WARN_RANGE_LOOP_ANALYSIS = YES;
				CLANG_WARN_STRICT_PROTOTYPES = YES;
				CLANG_WARN_SUSPICIOUS_MOVE = YES;
				CLANG_WARN_UNGUARDED_AVAILABILITY = YES_AGGRESSIVE;
				CLANG_WARN_UNREACHABLE_CODE = YES;
				CLANG_WARN__DUPLICATE_METHOD_MATCH = YES;
				CODE_SIGN_IDENTITY = "iPhone Developer";
				COPY_PHASE_STRIP = NO;
				DEBUG_INFORMATION_FORMAT = "dwarf-with-dsym";
				ENABLE_NS_ASSERTIONS = NO;
				ENABLE_STRICT_OBJC_MSGSEND = YES;
				GCC_C_LANGUAGE_STANDARD = gnu11;
				GCC_NO_COMMON_BLOCKS = YES;
				GCC_WARN_64_TO_32_BIT_CONVERSION = YES;
				GCC_WARN_ABOUT_RETURN_TYPE = YES_ERROR;
				GCC_WARN_UNDECLARED_SELECTOR = YES;
				GCC_WARN_UNINITIALIZED_AUTOS = YES_AGGRESSIVE;
				GCC_WARN_UNUSED_FUNCTION = YES;
				GCC_WARN_UNUSED_VARIABLE = YES;
				IPHONEOS_DEPLOYMENT_TARGET = 11.1;
				MTL_ENABLE_DEBUG_INFO = NO;
				SDKROOT = iphoneos;
				SWIFT_OPTIMIZATION_LEVEL = "-Owholemodule";
				VALIDATE_PRODUCT = YES;
			};
			name = Release;
		};
		AB2CFC3F1FCDA37E00A2B89D /* Debug */ = {
			isa = XCBuildConfiguration;
			buildSettings = {
				ASSETCATALOG_COMPILER_APPICON_NAME = AppIcon;
				CODE_SIGN_STYLE = Automatic;
				INFOPLIST_FILE = "cats-eye/Info.plist";
				LD_RUNPATH_SEARCH_PATHS = "$(inherited) @executable_path/Frameworks";
				PRODUCT_BUNDLE_IDENTIFIER = "ie.ryukyu.cats-eye";
				PRODUCT_NAME = "$(TARGET_NAME)";
				SWIFT_VERSION = 4.0;
				TARGETED_DEVICE_FAMILY = "1,2";
			};
			name = Debug;
		};
		AB2CFC401FCDA37E00A2B89D /* Release */ = {
			isa = XCBuildConfiguration;
			buildSettings = {
				ASSETCATALOG_COMPILER_APPICON_NAME = AppIcon;
				CODE_SIGN_STYLE = Automatic;
				INFOPLIST_FILE = "cats-eye/Info.plist";
				LD_RUNPATH_SEARCH_PATHS = "$(inherited) @executable_path/Frameworks";
				PRODUCT_BUNDLE_IDENTIFIER = "ie.ryukyu.cats-eye";
				PRODUCT_NAME = "$(TARGET_NAME)";
				SWIFT_VERSION = 4.0;
				TARGETED_DEVICE_FAMILY = "1,2";
			};
			name = Release;
		};
/* End XCBuildConfiguration section */

/* Begin XCConfigurationList section */
		AB2CFC271FCDA37E00A2B89D /* Build configuration list for PBXProject "cats-eye" */ = {
			isa = XCConfigurationList;
			buildConfigurations = (
				AB2CFC3C1FCDA37E00A2B89D /* Debug */,
				AB2CFC3D1FCDA37E00A2B89D /* Release */,
			);
			defaultConfigurationIsVisible = 0;
			defaultConfigurationName = Release;
		};
		AB2CFC3E1FCDA37E00A2B89D /* Build configuration list for PBXNativeTarget "cats-eye" */ = {
			isa = XCConfigurationList;
			buildConfigurations = (
				AB2CFC3F1FCDA37E00A2B89D /* Debug */,
				AB2CFC401FCDA37E00A2B89D /* Release */,
			);
			defaultConfigurationIsVisible = 0;
			defaultConfigurationName = Release;
		};
/* End XCConfigurationList section */
	};
	rootObject = AB2CFC241FCDA37E00A2B89D /* Project object */;
}
